dependencies:
  espp/base_component:
    component_hash: a4da2e51f8545f3f56c2cc4df62d58a5c1683aae6dca1303da6eeb382735d916
    dependencies:
    - name: espp/logger
      registry_url: https://components.espressif.com
      require: private
      version: '>=1.0'
    - name: idf
      require: private
      version: '>=5.0'
    source:
      registry_url: https://components.espressif.com/
      type: service
    version: 1.0.31
  espp/base_peripheral:
    component_hash: 66f157074b045506bdc42445cefedce6b435b6ab92476e21101c48a828eee090
    dependencies:
    - name: espp/base_component
      registry_url: https://components.espressif.com
      require: private
      version: '>=0.22.0'
    - name: idf
      require: private
      version: '>=5.0'
    source:
      registry_url: https://components.espressif.com/
      type: service
    version: 0.22.0
  espp/cli:
    component_hash: 7d88b773bc756b20fc1b32cc57d31890fb8c95c5046ee8bab6bb8b81cbd9c51e
    dependencies:
    - name: espp/logger
      registry_url: https://components.espressif.com
      require: private
      version: '>=0.22.0'
    - name: idf
      require: private
      version: '>=5.0'
    source:
      registry_url: https://components.espressif.com/
      type: service
    version: 0.22.0
  espp/format:
    component_hash: 97ebfaceff6189ab95190bee4da489c48e5295df8ddfcd401eabae88fead8bb8
    dependencies:
    - name: idf
      require: private
      version: '>=5.0'
    source:
      registry_url: https://components.espressif.com/
      type: service
    version: 1.0.31
  espp/logger:
    component_hash: 4a0c402511864c995d9261642fb545c1af2a3fb6ff994007ce88f08155595b88
    dependencies:
    - name: espp/format
      registry_url: https://components.espressif.com
      require: private
      version: '>=1.0'
    - name: idf
      require: private
      version: '>=5.0'
    source:
      registry_url: https://components.espressif.com
      type: service
    version: 1.0.31
  espp/math:
    component_hash: 64dcd1f8be52eb20a2c982ecd8d5ad75c6ed08358ff3c2bc658b6f1be690e438
    dependencies:
    - name: espp/format
      registry_url: https://components.espressif.com
      require: private
      version: '>=0.22.0'
    - name: idf
      require: private
      version: '>=5.0'
    source:
      registry_url: https://components.espressif.com/
      type: service
    version: 0.22.0
  espp/task:
    component_hash: e0c8425f72fb1bab9a56047a35f6f5e9459fdfca3512fb06c84b2395c4abddcd
    dependencies:
    - name: espp/base_component
      registry_url: https://components.espressif.com
      require: private
      version: '>=0.22.0'
    - name: idf
      require: private
      version: '>=5.0'
    source:
      registry_url: https://components.espressif.com/
      type: service
    version: 0.22.0
  espp/utils:
    component_hash: 46bba88ea738d1943c55086efbf517dff909e970e72fbb043b69cb227e854b0f
    dependencies:
    - name: idf
      require: private
      version: '>=5.0'
    source:
      registry_url: https://components.espressif.com/
      type: service
    version: 0.22.0
  espressif/esp-dsp:
    component_hash: 417886c78976489d18e7b644e98b835c65e0e249a097acb96860a66593d66a2b
    dependencies:
    - name: idf
      require: private
      version: '>=4.2'
    source:
      registry_url: https://components.espressif.com/
      type: service
    version: 1.6.2
  idf:
    source:
      type: idf
    version: 5.5.0
direct_dependencies:
- espp/base_component
- espp/base_peripheral
- espp/cli
- espp/format
- espp/math
- espp/task
- espp/utils
- espressif/esp-dsp
- idf
manifest_hash: 561a4c627d52143f2a618aa43f938a0cc19b8a760d67331345e0741ba31b45ce
target: esp32
version: 2.0.0
